
Microsoft Visual Studio Solution File, Format Version 12.00
# Visual Studio Version 17
VisualStudioVersion = 17.13.35931.197 d17.13
MinimumVisualStudioVersion = 10.0.40219.1
Project("{FAE04EC0-301F-11D3-BF4B-00C04F79EFBC}") = "EmployeePortalDemo", "EmployeePortalDemo.csproj", "{F5C2C82D-01E0-9EBC-A715-192238707A5B}"
EndProject
Global
	GlobalSection(SolutionConfigurationPlatforms) = preSolution
		Debug|Any CPU = Debug|Any CPU
		Release|Any CPU = Release|Any CPU
	EndGlobalSection
	GlobalSection(ProjectConfigurationPlatforms) = postSolution
		{F5C2C82D-01E0-9EBC-A715-192238707A5B}.Debug|Any CPU.ActiveCfg = Debug|Any CPU
		{F5C2C82D-01E0-9EBC-A715-192238707A5B}.Debug|Any CPU.Build.0 = Debug|Any CPU
		{F5C2C82D-01E0-9EBC-A715-192238707A5B}.Release|Any CPU.ActiveCfg = Release|Any CPU
		{F5C2C82D-01E0-9EBC-A715-192238707A5B}.Release|Any CPU.Build.0 = Release|Any CPU
	EndGlobalSection
	GlobalSection(SolutionProperties) = preSolution
		HideSolutionNode = FALSE
	EndGlobalSection
	GlobalSection(ExtensibilityGlobals) = postSolution
		SolutionGuid = {8822738B-53AC-4CA9-8260-B85FB760378D}
	EndGlobalSection
EndGlobal
